github.com/shadowdara/checkstaticfiles v0.0.1 h1:FxDWXTYIMDSmkpZzXVUApQbKhzUrYRmq0r7J/Q7SN3Y=
github.com/shadowdara/checkstaticfiles v0.0.1/go.mod h1:DpxP7GJzqu8hE/wr9M58ZKjdILTxSwz7LJAxUhqHCZw=
github.com/shadowdara/checkstaticfiles v0.0.2 h1:Hfnoad6rWbNaqTmWGLj6nOa3Y62/JhSlZZA/o4RuJx4=
github.com/shadowdara/checkstaticfiles v0.0.2/go.mod h1:FIjWAZ4X3BS+GdtIvEBeX00V39Je5+CH9sTfBeAVd7M=
